
Microsoft Visual Studio Solution File, Format Version 12.00
# Visual Studio Version 17
VisualStudioVersion = 17.13.35931.197 d17.13
MinimumVisualStudioVersion = 10.0.40219.1
Project("{FAE04EC0-301F-11D3-BF4B-00C04F79EFBC}") = "WalletApi.Tests", "WalletApi.Tests.csproj", "{C4DFA80B-6099-5569-459C-42549A4E352C}"
EndProject
Global
	GlobalSection(SolutionConfigurationPlatforms) = preSolution
		Debug|Any CPU = Debug|Any CPU
		Release|Any CPU = Release|Any CPU
	EndGlobalSection
	GlobalSection(ProjectConfigurationPlatforms) = postSolution
		{C4DFA80B-6099-5569-459C-42549A4E352C}.Debug|Any CPU.ActiveCfg = Debug|Any CPU
		{C4DFA80B-6099-5569-459C-42549A4E352C}.Debug|Any CPU.Build.0 = Debug|Any CPU
		{C4DFA80B-6099-5569-459C-42549A4E352C}.Release|Any CPU.ActiveCfg = Release|Any CPU
		{C4DFA80B-6099-5569-459C-42549A4E352C}.Release|Any CPU.Build.0 = Release|Any CPU
	EndGlobalSection
	GlobalSection(SolutionProperties) = preSolution
		HideSolutionNode = FALSE
	EndGlobalSection
	GlobalSection(ExtensibilityGlobals) = postSolution
		SolutionGuid = {FCA141BD-3DA9-4CFD-B4CE-53DB0148DB1F}
	EndGlobalSection
EndGlobal
